
Microsoft Visual Studio Solution File, Format Version 12.00
# Visual Studio Version 17
VisualStudioVersion = 17.8.34309.116
MinimumVisualStudioVersion = 10.0.40219.1
Project("{8BC9CEB8-8B4A-11D0-8D11-00A0C91BC942}") = "Hangman17N", "Hangman17N.vcxproj", "{BA389081-798C-463B-8E89-ED475A4C6167}"
EndProject
Global
	GlobalSection(SolutionConfigurationPlatforms) = preSolution
		Debug|x64 = Debug|x64
		Debug|x86 = Debug|x86
		Release|x64 = Release|x64
		Release|x86 = Release|x86
	EndGlobalSection
	GlobalSection(ProjectConfigurationPlatforms) = postSolution
		{BA389081-798C-463B-8E89-ED475A4C6167}.Debug|x64.ActiveCfg = Debug|x64
		{BA389081-798C-463B-8E89-ED475A4C6167}.Debug|x64.Build.0 = Debug|x64
		{BA389081-798C-463B-8E89-ED475A4C6167}.Debug|x86.ActiveCfg = Debug|Win32
		{BA389081-798C-463B-8E89-ED475A4C6167}.Debug|x86.Build.0 = Debug|Win32
		{BA389081-798C-463B-8E89-ED475A4C6167}.Release|x64.ActiveCfg = Release|x64
		{BA389081-798C-463B-8E89-ED475A4C6167}.Release|x64.Build.0 = Release|x64
		{BA389081-798C-463B-8E89-ED475A4C6167}.Release|x86.ActiveCfg = Release|Win32
		{BA389081-798C-463B-8E89-ED475A4C6167}.Release|x86.Build.0 = Release|Win32
	EndGlobalSection
	GlobalSection(SolutionProperties) = preSolution
		HideSolutionNode = FALSE
	EndGlobalSection
	GlobalSection(ExtensibilityGlobals) = postSolution
		SolutionGuid = {8F28FABB-FBC5-4065-9B75-80E666413BAB}
	EndGlobalSection
EndGlobal
